// !$*UTF8*$!
{
	archiveVersion = 1;
	classes = {
	};
	objectVersion = 55;
	objects = {

/* Begin PBXBuildFile section */
		E85FC57627F8D61900188160 /* main.cpp in Sources */ = {isa = PBXBuildFile; fileRef = E85FC56327F8C88800188160 /* main.cpp */; };
		E85FC57727F8D61900188160 /* Chessboard.cpp in Sources */ = {isa = PBXBuildFile; fileRef = E85FC57027F8CF7100188160 /* Chessboard.cpp */; };
		E85FC57927F8D61900188160 /* Pawn.cpp in Sources */ = {isa = PBXBuildFile; fileRef = E85FC56B27F8CA7300188160 /* Pawn.cpp */; };
		E85FC57C27F8E20A00188160 /* Team.cpp in Sources */ = {isa = PBXBuildFile; fileRef = E85FC57A27F8E20A00188160 /* Team.cpp */; };
		E85FC57E27F8FEFA00188160 /* Bishop.cpp in Sources */ = {isa = PBXBuildFile; fileRef = E85FC57D27F8FEFA00188160 /* Bishop.cpp */; };
		E85FC58427F8FF2F00188160 /* Rook.cpp in Sources */ = {isa = PBXBuildFile; fileRef = E85FC58327F8FF2F00188160 /* Rook.cpp */; };
		E85FC58627F8FF4D00188160 /* Queen.cpp in Sources */ = {isa = PBXBuildFile; fileRef = E85FC58527F8FF4D00188160 /* Queen.cpp */; };
		E85FC58827F8FF5800188160 /* King.cpp in Sources */ = {isa = PBXBuildFile; fileRef = E85FC58727F8FF5800188160 /* King.cpp */; };
		E85FC58B27F9016800188160 /* Knight.cpp in Sources */ = {isa = PBXBuildFile; fileRef = E85FC58A27F9016800188160 /* Knight.cpp */; };
/* End PBXBuildFile section */

/* Begin PBXCopyFilesBuildPhase section */
		E85FC55E27F8C88800188160 /* CopyFiles */ = {
			isa = PBXCopyFilesBuildPhase;
			buildActionMask = 2147483647;
			dstPath = /usr/share/man/man1/;
			dstSubfolderSpec = 0;
			files = (
			);
			runOnlyForDeploymentPostprocessing = 1;
		};
/* End PBXCopyFilesBuildPhase section */

/* Begin PBXFileReference section */
		E85FC56027F8C88800188160 /* Chess for console */ = {isa = PBXFileReference; explicitFileType = "compiled.mach-o.executable"; includeInIndex = 0; path = "Chess for console"; sourceTree = BUILT_PRODUCTS_DIR; };
		E85FC56327F8C88800188160 /* main.cpp */ = {isa = PBXFileReference; lastKnownFileType = sourcecode.cpp.cpp; path = main.cpp; sourceTree = "<group>"; };
		E85FC56A27F8C9CB00188160 /* Chessboard.h */ = {isa = PBXFileReference; lastKnownFileType = sourcecode.c.h; path = Chessboard.h; sourceTree = "<group>"; };
		E85FC56B27F8CA7300188160 /* Pawn.cpp */ = {isa = PBXFileReference; lastKnownFileType = sourcecode.cpp.cpp; path = Pawn.cpp; sourceTree = "<group>"; };
		E85FC56F27F8CB3300188160 /* Pawn.h */ = {isa = PBXFileReference; lastKnownFileType = sourcecode.c.h; name = Pawn.h; path = "Chess for console/Pieces/Pawn.h"; sourceTree = SOURCE_ROOT; };
		E85FC57027F8CF7100188160 /* Chessboard.cpp */ = {isa = PBXFileReference; lastKnownFileType = sourcecode.cpp.cpp; path = Chessboard.cpp; sourceTree = "<group>"; };
		E85FC57A27F8E20A00188160 /* Team.cpp */ = {isa = PBXFileReference; lastKnownFileType = sourcecode.cpp.cpp; path = Team.cpp; sourceTree = "<group>"; };
		E85FC57B27F8E20A00188160 /* Team.h */ = {isa = PBXFileReference; lastKnownFileType = sourcecode.c.h; path = Team.h; sourceTree = "<group>"; };
		E85FC57D27F8FEFA00188160 /* Bishop.cpp */ = {isa = PBXFileReference; lastKnownFileType = sourcecode.cpp.cpp; path = Bishop.cpp; sourceTree = "<group>"; };
		E85FC57F27F8FF0500188160 /* Bishop.h */ = {isa = PBXFileReference; lastKnownFileType = sourcecode.c.h; path = Bishop.h; sourceTree = "<group>"; };
		E85FC58027F8FF1000188160 /* Rook.h */ = {isa = PBXFileReference; lastKnownFileType = sourcecode.c.h; path = Rook.h; sourceTree = "<group>"; };
		E85FC58127F8FF1900188160 /* Queen.h */ = {isa = PBXFileReference; lastKnownFileType = sourcecode.c.h; path = Queen.h; sourceTree = "<group>"; };
		E85FC58227F8FF2000188160 /* King.h */ = {isa = PBXFileReference; lastKnownFileType = sourcecode.c.h; path = King.h; sourceTree = "<group>"; };
		E85FC58327F8FF2F00188160 /* Rook.cpp */ = {isa = PBXFileReference; lastKnownFileType = sourcecode.cpp.cpp; path = Rook.cpp; sourceTree = "<group>"; };
		E85FC58527F8FF4D00188160 /* Queen.cpp */ = {isa = PBXFileReference; lastKnownFileType = sourcecode.cpp.cpp; path = Queen.cpp; sourceTree = "<group>"; };
		E85FC58727F8FF5800188160 /* King.cpp */ = {isa = PBXFileReference; lastKnownFileType = sourcecode.cpp.cpp; path = King.cpp; sourceTree = "<group>"; };
		E85FC58A27F9016800188160 /* Knight.cpp */ = {isa = PBXFileReference; lastKnownFileType = sourcecode.cpp.cpp; path = Knight.cpp; sourceTree = "<group>"; };
		E85FC58C27F9017200188160 /* Knight.h */ = {isa = PBXFileReference; lastKnownFileType = sourcecode.c.h; path = Knight.h; sourceTree = "<group>"; };
/* End PBXFileReference section */

/* Begin PBXFrameworksBuildPhase section */
		E85FC55D27F8C88800188160 /* Frameworks */ = {
			isa = PBXFrameworksBuildPhase;
			buildActionMask = 2147483647;
			files = (
			);
			runOnlyForDeploymentPostprocessing = 0;
		};
/* End PBXFrameworksBuildPhase section */

/* Begin PBXGroup section */
		E85FC55727F8C88800188160 = {
			isa = PBXGroup;
			children = (
				E85FC56227F8C88800188160 /* Chess for console */,
				E85FC56127F8C88800188160 /* Products */,
			);
			sourceTree = "<group>";
		};
		E85FC56127F8C88800188160 /* Products */ = {
			isa = PBXGroup;
			children = (
				E85FC56027F8C88800188160 /* Chess for console */,
			);
			name = Products;
			sourceTree = "<group>";
		};
		E85FC56227F8C88800188160 /* Chess for console */ = {
			isa = PBXGroup;
			children = (
				E85FC56327F8C88800188160 /* main.cpp */,
				E85FC56A27F8C9CB00188160 /* Chessboard.h */,
				E85FC57027F8CF7100188160 /* Chessboard.cpp */,
				E85FC57B27F8E20A00188160 /* Team.h */,
				E85FC57A27F8E20A00188160 /* Team.cpp */,
				E85FC58927F8FF7400188160 /* Pieces */,
			);
			path = "Chess for console";
			sourceTree = "<group>";
		};
		E85FC58927F8FF7400188160 /* Pieces */ = {
			isa = PBXGroup;
			children = (
				E85FC56F27F8CB3300188160 /* Pawn.h */,
				E85FC56B27F8CA7300188160 /* Pawn.cpp */,
				E85FC58027F8FF1000188160 /* Rook.h */,
				E85FC58327F8FF2F00188160 /* Rook.cpp */,
				E85FC58C27F9017200188160 /* Knight.h */,
				E85FC58A27F9016800188160 /* Knight.cpp */,
				E85FC57F27F8FF0500188160 /* Bishop.h */,
				E85FC57D27F8FEFA00188160 /* Bishop.cpp */,
				E85FC58127F8FF1900188160 /* Queen.h */,
				E85FC58527F8FF4D00188160 /* Queen.cpp */,
				E85FC58227F8FF2000188160 /* King.h */,
				E85FC58727F8FF5800188160 /* King.cpp */,
			);
			path = Pieces;
			sourceTree = "<group>";
		};
/* End PBXGroup section */

/* Begin PBXNativeTarget section */
		E85FC55F27F8C88800188160 /* Chess for console */ = {
			isa = PBXNativeTarget;
			buildConfigurationList = E85FC56727F8C88800188160 /* Build configuration list for PBXNativeTarget "Chess for console" */;
			buildPhases = (
				E85FC55C27F8C88800188160 /* Sources */,
				E85FC55D27F8C88800188160 /* Frameworks */,
				E85FC55E27F8C88800188160 /* CopyFiles */,
			);
			buildRules = (
			);
			dependencies = (
			);
			name = "Chess for console";
			productName = "Chess for console";
			productReference = E85FC56027F8C88800188160 /* Chess for console */;
			productType = "com.apple.product-type.tool";
		};
/* End PBXNativeTarget section */

/* Begin PBXProject section */
		E85FC55827F8C88800188160 /* Project object */ = {
			isa = PBXProject;
			attributes = {
				BuildIndependentTargetsInParallel = 1;
				LastUpgradeCheck = 1330;
				TargetAttributes = {
					E85FC55F27F8C88800188160 = {
						CreatedOnToolsVersion = 13.3;
					};
				};
			};
			buildConfigurationList = E85FC55B27F8C88800188160 /* Build configuration list for PBXProject "Chess for console" */;
			compatibilityVersion = "Xcode 13.0";
			developmentRegion = en;
			hasScannedForEncodings = 0;
			knownRegions = (
				en,
				Base,
			);
			mainGroup = E85FC55727F8C88800188160;
			productRefGroup = E85FC56127F8C88800188160 /* Products */;
			projectDirPath = "";
			projectRoot = "";
			targets = (
				E85FC55F27F8C88800188160 /* Chess for console */,
			);
		};
/* End PBXProject section */

/* Begin PBXSourcesBuildPhase section */
		E85FC55C27F8C88800188160 /* Sources */ = {
			isa = PBXSourcesBuildPhase;
			buildActionMask = 2147483647;
			files = (
				E85FC58427F8FF2F00188160 /* Rook.cpp in Sources */,
				E85FC57C27F8E20A00188160 /* Team.cpp in Sources */,
				E85FC58827F8FF5800188160 /* King.cpp in Sources */,
				E85FC57E27F8FEFA00188160 /* Bishop.cpp in Sources */,
				E85FC57627F8D61900188160 /* main.cpp in Sources */,
				E85FC58B27F9016800188160 /* Knight.cpp in Sources */,
				E85FC57727F8D61900188160 /* Chessboard.cpp in Sources */,
				E85FC57927F8D61900188160 /* Pawn.cpp in Sources */,
				E85FC58627F8FF4D00188160 /* Queen.cpp in Sources */,
			);
			runOnlyForDeploymentPostprocessing = 0;
		};
/* End PBXSourcesBuildPhase section */

/* Begin XCBuildConfiguration section */
		E85FC56527F8C88800188160 /* Debug */ = {
			isa = XCBuildConfiguration;
			buildSettings = {
				ALWAYS_SEARCH_USER_PATHS = NO;
				CLANG_ANALYZER_NONNULL = YES;
				CLANG_ANALYZER_NUMBER_OBJECT_CONVERSION = YES_AGGRESSIVE;
				CLANG_CXX_LANGUAGE_STANDARD = "gnu++17";
				CLANG_ENABLE_MODULES = YES;
				CLANG_ENABLE_OBJC_ARC = YES;
				CLANG_ENABLE_OBJC_WEAK = YES;
				CLANG_WARN_BLOCK_CAPTURE_AUTORELEASING = YES;
				CLANG_WARN_BOOL_CONVERSION = YES;
				CLANG_WARN_COMMA = YES;
				CLANG_WARN_CONSTANT_CONVERSION = YES;
				CLANG_WARN_DEPRECATED_OBJC_IMPLEMENTATIONS = YES;
				CLANG_WARN_DIRECT_OBJC_ISA_USAGE = YES_ERROR;
				CLANG_WARN_DOCUMENTATION_COMMENTS = YES;
				CLANG_WARN_EMPTY_BODY = YES;
				CLANG_WARN_ENUM_CONVERSION = YES;
				CLANG_WARN_INFINITE_RECURSION = YES;
				CLANG_WARN_INT_CONVERSION = YES;
				CLANG_WARN_NON_LITERAL_NULL_CONVERSION = YES;
				CLANG_WARN_OBJC_IMPLICIT_RETAIN_SELF = YES;
				CLANG_WARN_OBJC_LITERAL_CONVERSION = YES;
				CLANG_WARN_OBJC_ROOT_CLASS = YES_ERROR;
				CLANG_WARN_QUOTED_INCLUDE_IN_FRAMEWORK_HEADER = YES;
				CLANG_WARN_RANGE_LOOP_ANALYSIS = YES;
				CLANG_WARN_STRICT_PROTOTYPES = YES;
				CLANG_WARN_SUSPICIOUS_MOVE = YES;
				CLANG_WARN_UNGUARDED_AVAILABILITY = YES_AGGRESSIVE;
				CLANG_WARN_UNREACHABLE_CODE = YES;
				CLANG_WARN__DUPLICATE_METHOD_MATCH = YES;
				COPY_PHASE_STRIP = NO;
				DEBUG_INFORMATION_FORMAT = dwarf;
				ENABLE_STRICT_OBJC_MSGSEND = YES;
				ENABLE_TESTABILITY = YES;
				GCC_C_LANGUAGE_STANDARD = gnu11;
				GCC_DYNAMIC_NO_PIC = NO;
				GCC_NO_COMMON_BLOCKS = YES;
				GCC_OPTIMIZATION_LEVEL = 0;
				GCC_PREPROCESSOR_DEFINITIONS = (
					"DEBUG=1",
					"$(inherited)",
				);
				GCC_WARN_64_TO_32_BIT_CONVERSION = YES;
				GCC_WARN_ABOUT_RETURN_TYPE = YES_ERROR;
				GCC_WARN_UNDECLARED_SELECTOR = YES;
				GCC_WARN_UNINITIALIZED_AUTOS = YES_AGGRESSIVE;
				GCC_WARN_UNUSED_FUNCTION = YES;
				GCC_WARN_UNUSED_VARIABLE = YES;
				MACOSX_DEPLOYMENT_TARGET = 12.2;
				MTL_ENABLE_DEBUG_INFO = INCLUDE_SOURCE;
				MTL_FAST_MATH = YES;
				ONLY_ACTIVE_ARCH = YES;
				SDKROOT = macosx;
			};
			name = Debug;
		};
		E85FC56627F8C88800188160 /* Release */ = {
			isa = XCBuildConfiguration;
			buildSettings = {
				ALWAYS_SEARCH_USER_PATHS = NO;
				CLANG_ANALYZER_NONNULL = YES;
				CLANG_ANALYZER_NUMBER_OBJECT_CONVERSION = YES_AGGRESSIVE;
				CLANG_CXX_LANGUAGE_STANDARD = "gnu++17";
				CLANG_ENABLE_MODULES = YES;
				CLANG_ENABLE_OBJC_ARC = YES;
				CLANG_ENABLE_OBJC_WEAK = YES;
				CLANG_WARN_BLOCK_CAPTURE_AUTORELEASING = YES;
				CLANG_WARN_BOOL_CONVERSION = YES;
				CLANG_WARN_COMMA = YES;
				CLANG_WARN_CONSTANT_CONVERSION = YES;
				CLANG_WARN_DEPRECATED_OBJC_IMPLEMENTATIONS = YES;
				CLANG_WARN_DIRECT_OBJC_ISA_USAGE = YES_ERROR;
				CLANG_WARN_DOCUMENTATION_COMMENTS = YES;
				CLANG_WARN_EMPTY_BODY = YES;
				CLANG_WARN_ENUM_CONVERSION = YES;
				CLANG_WARN_INFINITE_RECURSION = YES;
				CLANG_WARN_INT_CONVERSION = YES;
				CLANG_WARN_NON_LITERAL_NULL_CONVERSION = YES;
				CLANG_WARN_OBJC_IMPLICIT_RETAIN_SELF = YES;
				CLANG_WARN_OBJC_LITERAL_CONVERSION = YES;
				CLANG_WARN_OBJC_ROOT_CLASS = YES_ERROR;
				CLANG_WARN_QUOTED_INCLUDE_IN_FRAMEWORK_HEADER = YES;
				CLANG_WARN_RANGE_LOOP_ANALYSIS = YES;
				CLANG_WARN_STRICT_PROTOTYPES = YES;
				CLANG_WARN_SUSPICIOUS_MOVE = YES;
				CLANG_WARN_UNGUARDED_AVAILABILITY = YES_AGGRESSIVE;
				CLANG_WARN_UNREACHABLE_CODE = YES;
				CLANG_WARN__DUPLICATE_METHOD_MATCH = YES;
				COPY_PHASE_STRIP = NO;
				DEBUG_INFORMATION_FORMAT = "dwarf-with-dsym";
				ENABLE_NS_ASSERTIONS = NO;
				ENABLE_STRICT_OBJC_MSGSEND = YES;
				GCC_C_LANGUAGE_STANDARD = gnu11;
				GCC_NO_COMMON_BLOCKS = YES;
				GCC_WARN_64_TO_32_BIT_CONVERSION = YES;
				GCC_WARN_ABOUT_RETURN_TYPE = YES_ERROR;
				GCC_WARN_UNDECLARED_SELECTOR = YES;
				GCC_WARN_UNINITIALIZED_AUTOS = YES_AGGRESSIVE;
				GCC_WARN_UNUSED_FUNCTION = YES;
				GCC_WARN_UNUSED_VARIABLE = YES;
				MACOSX_DEPLOYMENT_TARGET = 12.2;
				MTL_ENABLE_DEBUG_INFO = NO;
				MTL_FAST_MATH = YES;
				SDKROOT = macosx;
			};
			name = Release;
		};
		E85FC56827F8C88800188160 /* Debug */ = {
			isa = XCBuildConfiguration;
			buildSettings = {
				CODE_SIGN_STYLE = Automatic;
				GCC_NO_COMMON_BLOCKS = YES;
				PRODUCT_NAME = "$(TARGET_NAME)";
			};
			name = Debug;
		};
		E85FC56927F8C88800188160 /* Release */ = {
			isa = XCBuildConfiguration;
			buildSettings = {
				CODE_SIGN_STYLE = Automatic;
				GCC_NO_COMMON_BLOCKS = YES;
				ONLY_ACTIVE_ARCH = NO;
				PRODUCT_NAME = "$(TARGET_NAME)";
			};
			name = Release;
		};
/* End XCBuildConfiguration section */

/* Begin XCConfigurationList section */
		E85FC55B27F8C88800188160 /* Build configuration list for PBXProject "Chess for console" */ = {
			isa = XCConfigurationList;
			buildConfigurations = (
				E85FC56527F8C88800188160 /* Debug */,
				E85FC56627F8C88800188160 /* Release */,
			);
			defaultConfigurationIsVisible = 0;
			defaultConfigurationName = Release;
		};
		E85FC56727F8C88800188160 /* Build configuration list for PBXNativeTarget "Chess for console" */ = {
			isa = XCConfigurationList;
			buildConfigurations = (
				E85FC56827F8C88800188160 /* Debug */,
				E85FC56927F8C88800188160 /* Release */,
			);
			defaultConfigurationIsVisible = 0;
			defaultConfigurationName = Release;
		};
/* End XCConfigurationList section */
	};
	rootObject = E85FC55827F8C88800188160 /* Project object */;
}
